# THIS IS AN AUTOGENERATED FILE. DO NOT EDIT THIS FILE DIRECTLY.
# yarn lockfile v1


fs@^0.0.1-security:
  version "0.0.1-security"
  resolved "https://registry.yarnpkg.com/fs/-/fs-0.0.1-security.tgz#8a7bd37186b6dddf3813f23858b57ecaaf5e41d4"
  integrity sha1-invTcYa23d84E/I4WLV+yq9eQdQ=

lunr@2.3.7:
  version "2.3.7"
  resolved "https://registry.yarnpkg.com/lunr/-/lunr-2.3.7.tgz#05ccf3af9d0e169b8f432c97e02fc1bdf3f36343"
  integrity sha512-HjFSiy0Y0qZoW5OA1I6qBi7OnsDdqQnaUr03jhorh30maQoaP+4lQCKklYE3Nq3WJMSUfuBl6N+bKY5wxCb9hw==
